
Microsoft Visual Studio Solution File, Format Version 12.00
# Visual Studio 15
VisualStudioVersion = 15.0.26730.16
MinimumVisualStudioVersion = 10.0.40219.1
Project("{FAE04EC0-301F-11D3-BF4B-00C04F79EFBC}") = "Prueba bing", "Prueba bing\Prueba bing.csproj", "{05FB994B-0358-4B2D-AEB0-509BDB99290B}"
EndProject
Global
	GlobalSection(SolutionConfigurationPlatforms) = preSolution
		Debug|Any CPU = Debug|Any CPU
		Release|Any CPU = Release|Any CPU
	EndGlobalSection
	GlobalSection(ProjectConfigurationPlatforms) = postSolution
		{05FB994B-0358-4B2D-AEB0-509BDB99290B}.Debug|Any CPU.ActiveCfg = Debug|Any CPU
		{05FB994B-0358-4B2D-AEB0-509BDB99290B}.Debug|Any CPU.Build.0 = Debug|Any CPU
		{05FB994B-0358-4B2D-AEB0-509BDB99290B}.Release|Any CPU.ActiveCfg = Release|Any CPU
		{05FB994B-0358-4B2D-AEB0-509BDB99290B}.Release|Any CPU.Build.0 = Release|Any CPU
	EndGlobalSection
	GlobalSection(SolutionProperties) = preSolution
		HideSolutionNode = FALSE
	EndGlobalSection
	GlobalSection(ExtensibilityGlobals) = postSolution
		SolutionGuid = {6684E1C1-991A-457C-8036-4A832D7EEB71}
	EndGlobalSection
EndGlobal
